
Microsoft Visual Studio Solution File, Format Version 12.00
# Visual Studio 15
VisualStudioVersion = 15.0.26124.0
MinimumVisualStudioVersion = 15.0.26124.0
Project("{2150E333-8FDC-42A3-9474-1A3956D46DE8}") = "src", "src", "{29E93CFB-B086-4FEA-B2DB-455BC682F861}"
EndProject
Project("{FAE04EC0-301F-11D3-BF4B-00C04F79EFBC}") = "XenaExchange.Client", "src\XenaExchange.Client\XenaExchange.Client.csproj", "{073CDDCC-33D5-4731-B0F0-2168966A88E8}"
EndProject
Project("{2150E333-8FDC-42A3-9474-1A3956D46DE8}") = "examples", "examples", "{72D086DB-A075-49F3-B2A5-A4E50EF7BA11}"
EndProject
Project("{FAE04EC0-301F-11D3-BF4B-00C04F79EFBC}") = "XenaExchange.Client.Examples", "examples\XenaExchange.Client.Examples\XenaExchange.Client.Examples.csproj", "{5B7541D4-7E47-4881-AC8C-B714A3008795}"
EndProject
Global
	GlobalSection(SolutionConfigurationPlatforms) = preSolution
		Debug|Any CPU = Debug|Any CPU
		Debug|x64 = Debug|x64
		Debug|x86 = Debug|x86
		Release|Any CPU = Release|Any CPU
		Release|x64 = Release|x64
		Release|x86 = Release|x86
	EndGlobalSection
	GlobalSection(SolutionProperties) = preSolution
		HideSolutionNode = FALSE
	EndGlobalSection
	GlobalSection(ProjectConfigurationPlatforms) = postSolution
		{073CDDCC-33D5-4731-B0F0-2168966A88E8}.Debug|Any CPU.ActiveCfg = Debug|Any CPU
		{073CDDCC-33D5-4731-B0F0-2168966A88E8}.Debug|Any CPU.Build.0 = Debug|Any CPU
		{073CDDCC-33D5-4731-B0F0-2168966A88E8}.Debug|x64.ActiveCfg = Debug|Any CPU
		{073CDDCC-33D5-4731-B0F0-2168966A88E8}.Debug|x64.Build.0 = Debug|Any CPU
		{073CDDCC-33D5-4731-B0F0-2168966A88E8}.Debug|x86.ActiveCfg = Debug|Any CPU
		{073CDDCC-33D5-4731-B0F0-2168966A88E8}.Debug|x86.Build.0 = Debug|Any CPU
		{073CDDCC-33D5-4731-B0F0-2168966A88E8}.Release|Any CPU.ActiveCfg = Release|Any CPU
		{073CDDCC-33D5-4731-B0F0-2168966A88E8}.Release|Any CPU.Build.0 = Release|Any CPU
		{073CDDCC-33D5-4731-B0F0-2168966A88E8}.Release|x64.ActiveCfg = Release|Any CPU
		{073CDDCC-33D5-4731-B0F0-2168966A88E8}.Release|x64.Build.0 = Release|Any CPU
		{073CDDCC-33D5-4731-B0F0-2168966A88E8}.Release|x86.ActiveCfg = Release|Any CPU
		{073CDDCC-33D5-4731-B0F0-2168966A88E8}.Release|x86.Build.0 = Release|Any CPU
		{5B7541D4-7E47-4881-AC8C-B714A3008795}.Debug|Any CPU.ActiveCfg = Debug|Any CPU
		{5B7541D4-7E47-4881-AC8C-B714A3008795}.Debug|Any CPU.Build.0 = Debug|Any CPU
		{5B7541D4-7E47-4881-AC8C-B714A3008795}.Debug|x64.ActiveCfg = Debug|Any CPU
		{5B7541D4-7E47-4881-AC8C-B714A3008795}.Debug|x64.Build.0 = Debug|Any CPU
		{5B7541D4-7E47-4881-AC8C-B714A3008795}.Debug|x86.ActiveCfg = Debug|Any CPU
		{5B7541D4-7E47-4881-AC8C-B714A3008795}.Debug|x86.Build.0 = Debug|Any CPU
		{5B7541D4-7E47-4881-AC8C-B714A3008795}.Release|Any CPU.ActiveCfg = Release|Any CPU
		{5B7541D4-7E47-4881-AC8C-B714A3008795}.Release|Any CPU.Build.0 = Release|Any CPU
		{5B7541D4-7E47-4881-AC8C-B714A3008795}.Release|x64.ActiveCfg = Release|Any CPU
		{5B7541D4-7E47-4881-AC8C-B714A3008795}.Release|x64.Build.0 = Release|Any CPU
		{5B7541D4-7E47-4881-AC8C-B714A3008795}.Release|x86.ActiveCfg = Release|Any CPU
		{5B7541D4-7E47-4881-AC8C-B714A3008795}.Release|x86.Build.0 = Release|Any CPU
	EndGlobalSection
	GlobalSection(NestedProjects) = preSolution
		{073CDDCC-33D5-4731-B0F0-2168966A88E8} = {29E93CFB-B086-4FEA-B2DB-455BC682F861}
		{5B7541D4-7E47-4881-AC8C-B714A3008795} = {72D086DB-A075-49F3-B2A5-A4E50EF7BA11}
	EndGlobalSection
EndGlobal
